
Microsoft Visual Studio Solution File, Format Version 12.00
# Visual Studio 15
VisualStudioVersion = 15.0.27130.2010
MinimumVisualStudioVersion = 10.0.40219.1
Project("{FAE04EC0-301F-11D3-BF4B-00C04F79EFBC}") = "ExamplePlayground", "ExamplePlayground\ExamplePlayground.csproj", "{BE346EAF-F52A-42DA-96C8-C37B25A11158}"
EndProject
Project("{FAE04EC0-301F-11D3-BF4B-00C04F79EFBC}") = "ExamplePlaygroundTests", "ExamplePlaygroundTests\ExamplePlaygroundTests.csproj", "{F7F0052E-C7EF-43D2-8DB8-C1A57725243A}"
EndProject
Global
	GlobalSection(SolutionConfigurationPlatforms) = preSolution
		Debug|Any CPU = Debug|Any CPU
		Release|Any CPU = Release|Any CPU
	EndGlobalSection
	GlobalSection(ProjectConfigurationPlatforms) = postSolution
		{BE346EAF-F52A-42DA-96C8-C37B25A11158}.Debug|Any CPU.ActiveCfg = Debug|Any CPU
		{BE346EAF-F52A-42DA-96C8-C37B25A11158}.Debug|Any CPU.Build.0 = Debug|Any CPU
		{BE346EAF-F52A-42DA-96C8-C37B25A11158}.Release|Any CPU.ActiveCfg = Release|Any CPU
		{BE346EAF-F52A-42DA-96C8-C37B25A11158}.Release|Any CPU.Build.0 = Release|Any CPU
		{F7F0052E-C7EF-43D2-8DB8-C1A57725243A}.Debug|Any CPU.ActiveCfg = Debug|Any CPU
		{F7F0052E-C7EF-43D2-8DB8-C1A57725243A}.Debug|Any CPU.Build.0 = Debug|Any CPU
		{F7F0052E-C7EF-43D2-8DB8-C1A57725243A}.Release|Any CPU.ActiveCfg = Release|Any CPU
		{F7F0052E-C7EF-43D2-8DB8-C1A57725243A}.Release|Any CPU.Build.0 = Release|Any CPU
	EndGlobalSection
	GlobalSection(SolutionProperties) = preSolution
		HideSolutionNode = FALSE
	EndGlobalSection
	GlobalSection(ExtensibilityGlobals) = postSolution
		SolutionGuid = {1EED6541-A58E-4120-BB0B-E6E5B0FF6FAD}
	EndGlobalSection
EndGlobal
